// !$*UTF8*$!
{
	archiveVersion = 1;
	classes = {
	};
	objectVersion = 55;
	objects = {

/* Begin PBXBuildFile section */
		22F04958303EDB72199BA466 /* Pods_DZSnapKitOne.framework in Frameworks */ = {isa = PBXBuildFile; fileRef = 3952449A627E83EA3E1ACFD8 /* Pods_DZSnapKitOne.framework */; };
		84A8B37528C21270008D5A8C /* ViewTop.swift in Sources */ = {isa = PBXBuildFile; fileRef = 84A8B37428C21270008D5A8C /* ViewTop.swift */; };
		84A8B37728C2127F008D5A8C /* ViewCenter.swift in Sources */ = {isa = PBXBuildFile; fileRef = 84A8B37628C2127F008D5A8C /* ViewCenter.swift */; };
		84A8B37928C2128D008D5A8C /* ViewBottom.swift in Sources */ = {isa = PBXBuildFile; fileRef = 84A8B37828C2128D008D5A8C /* ViewBottom.swift */; };
		84C3F55128C2114300DAA064 /* AppDelegate.swift in Sources */ = {isa = PBXBuildFile; fileRef = 84C3F55028C2114300DAA064 /* AppDelegate.swift */; };
		84C3F55328C2114300DAA064 /* SceneDelegate.swift in Sources */ = {isa = PBXBuildFile; fileRef = 84C3F55228C2114300DAA064 /* SceneDelegate.swift */; };
		84C3F55528C2114300DAA064 /* ViewController.swift in Sources */ = {isa = PBXBuildFile; fileRef = 84C3F55428C2114300DAA064 /* ViewController.swift */; };
		84C3F55828C2114300DAA064 /* Main.storyboard in Resources */ = {isa = PBXBuildFile; fileRef = 84C3F55628C2114300DAA064 /* Main.storyboard */; };
		84C3F55A28C2114900DAA064 /* Assets.xcassets in Resources */ = {isa = PBXBuildFile; fileRef = 84C3F55928C2114900DAA064 /* Assets.xcassets */; };
		84C3F55D28C2114900DAA064 /* LaunchScreen.storyboard in Resources */ = {isa = PBXBuildFile; fileRef = 84C3F55B28C2114900DAA064 /* LaunchScreen.storyboard */; };
/* End PBXBuildFile section */

/* Begin PBXFileReference section */
		3952449A627E83EA3E1ACFD8 /* Pods_DZSnapKitOne.framework */ = {isa = PBXFileReference; explicitFileType = wrapper.framework; includeInIndex = 0; path = Pods_DZSnapKitOne.framework; sourceTree = BUILT_PRODUCTS_DIR; };
		3C7255A29C3AC1C24D2BF7EF /* Pods-DZSnapKitOne.release.xcconfig */ = {isa = PBXFileReference; includeInIndex = 1; lastKnownFileType = text.xcconfig; name = "Pods-DZSnapKitOne.release.xcconfig"; path = "Target Support Files/Pods-DZSnapKitOne/Pods-DZSnapKitOne.release.xcconfig"; sourceTree = "<group>"; };
		5417E649071D92C550C885BE /* Pods-DZSnapKitOne.debug.xcconfig */ = {isa = PBXFileReference; includeInIndex = 1; lastKnownFileType = text.xcconfig; name = "Pods-DZSnapKitOne.debug.xcconfig"; path = "Target Support Files/Pods-DZSnapKitOne/Pods-DZSnapKitOne.debug.xcconfig"; sourceTree = "<group>"; };
		84A8B37428C21270008D5A8C /* ViewTop.swift */ = {isa = PBXFileReference; lastKnownFileType = sourcecode.swift; path = ViewTop.swift; sourceTree = "<group>"; };
		84A8B37628C2127F008D5A8C /* ViewCenter.swift */ = {isa = PBXFileReference; lastKnownFileType = sourcecode.swift; path = ViewCenter.swift; sourceTree = "<group>"; };
		84A8B37828C2128D008D5A8C /* ViewBottom.swift */ = {isa = PBXFileReference; lastKnownFileType = sourcecode.swift; path = ViewBottom.swift; sourceTree = "<group>"; };
		84C3F54D28C2114300DAA064 /* DZSnapKitOne.app */ = {isa = PBXFileReference; explicitFileType = wrapper.application; includeInIndex = 0; path = DZSnapKitOne.app; sourceTree = BUILT_PRODUCTS_DIR; };
		84C3F55028C2114300DAA064 /* AppDelegate.swift */ = {isa = PBXFileReference; lastKnownFileType = sourcecode.swift; path = AppDelegate.swift; sourceTree = "<group>"; };
		84C3F55228C2114300DAA064 /* SceneDelegate.swift */ = {isa = PBXFileReference; lastKnownFileType = sourcecode.swift; path = SceneDelegate.swift; sourceTree = "<group>"; };
		84C3F55428C2114300DAA064 /* ViewController.swift */ = {isa = PBXFileReference; lastKnownFileType = sourcecode.swift; path = ViewController.swift; sourceTree = "<group>"; };
		84C3F55728C2114300DAA064 /* Base */ = {isa = PBXFileReference; lastKnownFileType = file.storyboard; name = Base; path = Base.lproj/Main.storyboard; sourceTree = "<group>"; };
		84C3F55928C2114900DAA064 /* Assets.xcassets */ = {isa = PBXFileReference; lastKnownFileType = folder.assetcatalog; path = Assets.xcassets; sourceTree = "<group>"; };
		84C3F55C28C2114900DAA064 /* Base */ = {isa = PBXFileReference; lastKnownFileType = file.storyboard; name = Base; path = Base.lproj/LaunchScreen.storyboard; sourceTree = "<group>"; };
		84C3F55E28C2114900DAA064 /* Info.plist */ = {isa = PBXFileReference; lastKnownFileType = text.plist.xml; path = Info.plist; sourceTree = "<group>"; };
/* End PBXFileReference section */

/* Begin PBXFrameworksBuildPhase section */
		84C3F54A28C2114300DAA064 /* Frameworks */ = {
			isa = PBXFrameworksBuildPhase;
			buildActionMask = 2147483647;
			files = (
				22F04958303EDB72199BA466 /* Pods_DZSnapKitOne.framework in Frameworks */,
			);
			runOnlyForDeploymentPostprocessing = 0;
		};
/* End PBXFrameworksBuildPhase section */

/* Begin PBXGroup section */
		583FBB99F48084C462B11D7B /* Frameworks */ = {
			isa = PBXGroup;
			children = (
				3952449A627E83EA3E1ACFD8 /* Pods_DZSnapKitOne.framework */,
			);
			name = Frameworks;
			sourceTree = "<group>";
		};
		84C3F54428C2114200DAA064 = {
			isa = PBXGroup;
			children = (
				84C3F54F28C2114300DAA064 /* DZSnapKitOne */,
				84C3F54E28C2114300DAA064 /* Products */,
				EA16E4C7A346D2C94A2287F1 /* Pods */,
				583FBB99F48084C462B11D7B /* Frameworks */,
			);
			sourceTree = "<group>";
		};
		84C3F54E28C2114300DAA064 /* Products */ = {
			isa = PBXGroup;
			children = (
				84C3F54D28C2114300DAA064 /* DZSnapKitOne.app */,
			);
			name = Products;
			sourceTree = "<group>";
		};
		84C3F54F28C2114300DAA064 /* DZSnapKitOne */ = {
			isa = PBXGroup;
			children = (
				84C3F55028C2114300DAA064 /* AppDelegate.swift */,
				84C3F55228C2114300DAA064 /* SceneDelegate.swift */,
				84C3F55428C2114300DAA064 /* ViewController.swift */,
				84A8B37428C21270008D5A8C /* ViewTop.swift */,
				84A8B37628C2127F008D5A8C /* ViewCenter.swift */,
				84A8B37828C2128D008D5A8C /* ViewBottom.swift */,
				84C3F55628C2114300DAA064 /* Main.storyboard */,
				84C3F55928C2114900DAA064 /* Assets.xcassets */,
				84C3F55B28C2114900DAA064 /* LaunchScreen.storyboard */,
				84C3F55E28C2114900DAA064 /* Info.plist */,
			);
			path = DZSnapKitOne;
			sourceTree = "<group>";
		};
		EA16E4C7A346D2C94A2287F1 /* Pods */ = {
			isa = PBXGroup;
			children = (
				5417E649071D92C550C885BE /* Pods-DZSnapKitOne.debug.xcconfig */,
				3C7255A29C3AC1C24D2BF7EF /* Pods-DZSnapKitOne.release.xcconfig */,
			);
			path = Pods;
			sourceTree = "<group>";
		};
/* End PBXGroup section */

/* Begin PBXNativeTarget section */
		84C3F54C28C2114300DAA064 /* DZSnapKitOne */ = {
			isa = PBXNativeTarget;
			buildConfigurationList = 84C3F56128C2114900DAA064 /* Build configuration list for PBXNativeTarget "DZSnapKitOne" */;
			buildPhases = (
				CA2923C68409469D673B120A /* [CP] Check Pods Manifest.lock */,
				84C3F54928C2114300DAA064 /* Sources */,
				84C3F54A28C2114300DAA064 /* Frameworks */,
				84C3F54B28C2114300DAA064 /* Resources */,
				26B99B5A57FC2063A4E218BF /* [CP] Embed Pods Frameworks */,
			);
			buildRules = (
			);
			dependencies = (
			);
			name = DZSnapKitOne;
			productName = DZSnapKitOne;
			productReference = 84C3F54D28C2114300DAA064 /* DZSnapKitOne.app */;
			productType = "com.apple.product-type.application";
		};
/* End PBXNativeTarget section */

/* Begin PBXProject section */
		84C3F54528C2114200DAA064 /* Project object */ = {
			isa = PBXProject;
			attributes = {
				BuildIndependentTargetsInParallel = 1;
				LastSwiftUpdateCheck = 1340;
				LastUpgradeCheck = 1340;
				TargetAttributes = {
					84C3F54C28C2114300DAA064 = {
						CreatedOnToolsVersion = 13.4.1;
					};
				};
			};
			buildConfigurationList = 84C3F54828C2114200DAA064 /* Build configuration list for PBXProject "DZSnapKitOne" */;
			compatibilityVersion = "Xcode 13.0";
			developmentRegion = en;
			hasScannedForEncodings = 0;
			knownRegions = (
				en,
				Base,
			);
			mainGroup = 84C3F54428C2114200DAA064;
			productRefGroup = 84C3F54E28C2114300DAA064 /* Products */;
			projectDirPath = "";
			projectRoot = "";
			targets = (
				84C3F54C28C2114300DAA064 /* DZSnapKitOne */,
			);
		};
/* End PBXProject section */

/* Begin PBXResourcesBuildPhase section */
		84C3F54B28C2114300DAA064 /* Resources */ = {
			isa = PBXResourcesBuildPhase;
			buildActionMask = 2147483647;
			files = (
				84C3F55D28C2114900DAA064 /* LaunchScreen.storyboard in Resources */,
				84C3F55A28C2114900DAA064 /* Assets.xcassets in Resources */,
				84C3F55828C2114300DAA064 /* Main.storyboard in Resources */,
			);
			runOnlyForDeploymentPostprocessing = 0;
		};
/* End PBXResourcesBuildPhase section */

/* Begin PBXShellScriptBuildPhase section */
		26B99B5A57FC2063A4E218BF /* [CP] Embed Pods Frameworks */ = {
			isa = PBXShellScriptBuildPhase;
			buildActionMask = 2147483647;
			files = (
			);
			inputFileListPaths = (
				"${PODS_ROOT}/Target Support Files/Pods-DZSnapKitOne/Pods-DZSnapKitOne-frameworks-${CONFIGURATION}-input-files.xcfilelist",
			);
			name = "[CP] Embed Pods Frameworks";
			outputFileListPaths = (
				"${PODS_ROOT}/Target Support Files/Pods-DZSnapKitOne/Pods-DZSnapKitOne-frameworks-${CONFIGURATION}-output-files.xcfilelist",
			);
			runOnlyForDeploymentPostprocessing = 0;
			shellPath = /bin/sh;
			shellScript = "\"${PODS_ROOT}/Target Support Files/Pods-DZSnapKitOne/Pods-DZSnapKitOne-frameworks.sh\"\n";
			showEnvVarsInLog = 0;
		};
		CA2923C68409469D673B120A /* [CP] Check Pods Manifest.lock */ = {
			isa = PBXShellScriptBuildPhase;
			buildActionMask = 2147483647;
			files = (
			);
			inputFileListPaths = (
			);
			inputPaths = (
				"${PODS_PODFILE_DIR_PATH}/Podfile.lock",
				"${PODS_ROOT}/Manifest.lock",
			);
			name = "[CP] Check Pods Manifest.lock";
			outputFileListPaths = (
			);
			outputPaths = (
				"$(DERIVED_FILE_DIR)/Pods-DZSnapKitOne-checkManifestLockResult.txt",
			);
			runOnlyForDeploymentPostprocessing = 0;
			shellPath = /bin/sh;
			shellScript = "diff \"${PODS_PODFILE_DIR_PATH}/Podfile.lock\" \"${PODS_ROOT}/Manifest.lock\" > /dev/null\nif [ $? != 0 ] ; then\n    # print error to STDERR\n    echo \"error: The sandbox is not in sync with the Podfile.lock. Run 'pod install' or update your CocoaPods installation.\" >&2\n    exit 1\nfi\n# This output is used by Xcode 'outputs' to avoid re-running this script phase.\necho \"SUCCESS\" > \"${SCRIPT_OUTPUT_FILE_0}\"\n";
			showEnvVarsInLog = 0;
		};
/* End PBXShellScriptBuildPhase section */

/* Begin PBXSourcesBuildPhase section */
		84C3F54928C2114300DAA064 /* Sources */ = {
			isa = PBXSourcesBuildPhase;
			buildActionMask = 2147483647;
			files = (
				84C3F55528C2114300DAA064 /* ViewController.swift in Sources */,
				84C3F55128C2114300DAA064 /* AppDelegate.swift in Sources */,
				84A8B37528C21270008D5A8C /* ViewTop.swift in Sources */,
				84A8B37728C2127F008D5A8C /* ViewCenter.swift in Sources */,
				84C3F55328C2114300DAA064 /* SceneDelegate.swift in Sources */,
				84A8B37928C2128D008D5A8C /* ViewBottom.swift in Sources */,
			);
			runOnlyForDeploymentPostprocessing = 0;
		};
/* End PBXSourcesBuildPhase section */

/* Begin PBXVariantGroup section */
		84C3F55628C2114300DAA064 /* Main.storyboard */ = {
			isa = PBXVariantGroup;
			children = (
				84C3F55728C2114300DAA064 /* Base */,
			);
			name = Main.storyboard;
			sourceTree = "<group>";
		};
		84C3F55B28C2114900DAA064 /* LaunchScreen.storyboard */ = {
			isa = PBXVariantGroup;
			children = (
				84C3F55C28C2114900DAA064 /* Base */,
			);
			name = LaunchScreen.storyboard;
			sourceTree = "<group>";
		};
/* End PBXVariantGroup section */

/* Begin XCBuildConfiguration section */
		84C3F55F28C2114900DAA064 /* Debug */ = {
			isa = XCBuildConfiguration;
			buildSettings = {
				ALWAYS_SEARCH_USER_PATHS = NO;
				CLANG_ANALYZER_NONNULL = YES;
				CLANG_ANALYZER_NUMBER_OBJECT_CONVERSION = YES_AGGRESSIVE;
				CLANG_CXX_LANGUAGE_STANDARD = "gnu++17";
				CLANG_ENABLE_MODULES = YES;
				CLANG_ENABLE_OBJC_ARC = YES;
				CLANG_ENABLE_OBJC_WEAK = YES;
				CLANG_WARN_BLOCK_CAPTURE_AUTORELEASING = YES;
				CLANG_WARN_BOOL_CONVERSION = YES;
				CLANG_WARN_COMMA = YES;
				CLANG_WARN_CONSTANT_CONVERSION = YES;
				CLANG_WARN_DEPRECATED_OBJC_IMPLEMENTATIONS = YES;
				CLANG_WARN_DIRECT_OBJC_ISA_USAGE = YES_ERROR;
				CLANG_WARN_DOCUMENTATION_COMMENTS = YES;
				CLANG_WARN_EMPTY_BODY = YES;
				CLANG_WARN_ENUM_CONVERSION = YES;
				CLANG_WARN_INFINITE_RECURSION = YES;
				CLANG_WARN_INT_CONVERSION = YES;
				CLANG_WARN_NON_LITERAL_NULL_CONVERSION = YES;
				CLANG_WARN_OBJC_IMPLICIT_RETAIN_SELF = YES;
				CLANG_WARN_OBJC_LITERAL_CONVERSION = YES;
				CLANG_WARN_OBJC_ROOT_CLASS = YES_ERROR;
				CLANG_WARN_QUOTED_INCLUDE_IN_FRAMEWORK_HEADER = YES;
				CLANG_WARN_RANGE_LOOP_ANALYSIS = YES;
				CLANG_WARN_STRICT_PROTOTYPES = YES;
				CLANG_WARN_SUSPICIOUS_MOVE = YES;
				CLANG_WARN_UNGUARDED_AVAILABILITY = YES_AGGRESSIVE;
				CLANG_WARN_UNREACHABLE_CODE = YES;
				CLANG_WARN__DUPLICATE_METHOD_MATCH = YES;
				COPY_PHASE_STRIP = NO;
				DEBUG_INFORMATION_FORMAT = dwarf;
				ENABLE_STRICT_OBJC_MSGSEND = YES;
				ENABLE_TESTABILITY = YES;
				GCC_C_LANGUAGE_STANDARD = gnu11;
				GCC_DYNAMIC_NO_PIC = NO;
				GCC_NO_COMMON_BLOCKS = YES;
				GCC_OPTIMIZATION_LEVEL = 0;
				GCC_PREPROCESSOR_DEFINITIONS = (
					"DEBUG=1",
					"$(inherited)",
				);
				GCC_WARN_64_TO_32_BIT_CONVERSION = YES;
				GCC_WARN_ABOUT_RETURN_TYPE = YES_ERROR;
				GCC_WARN_UNDECLARED_SELECTOR = YES;
				GCC_WARN_UNINITIALIZED_AUTOS = YES_AGGRESSIVE;
				GCC_WARN_UNUSED_FUNCTION = YES;
				GCC_WARN_UNUSED_VARIABLE = YES;
				IPHONEOS_DEPLOYMENT_TARGET = 15.5;
				MTL_ENABLE_DEBUG_INFO = INCLUDE_SOURCE;
				MTL_FAST_MATH = YES;
				ONLY_ACTIVE_ARCH = YES;
				SDKROOT = iphoneos;
				SWIFT_ACTIVE_COMPILATION_CONDITIONS = DEBUG;
				SWIFT_OPTIMIZATION_LEVEL = "-Onone";
			};
			name = Debug;
		};
		84C3F56028C2114900DAA064 /* Release */ = {
			isa = XCBuildConfiguration;
			buildSettings = {
				ALWAYS_SEARCH_USER_PATHS = NO;
				CLANG_ANALYZER_NONNULL = YES;
				CLANG_ANALYZER_NUMBER_OBJECT_CONVERSION = YES_AGGRESSIVE;
				CLANG_CXX_LANGUAGE_STANDARD = "gnu++17";
				CLANG_ENABLE_MODULES = YES;
				CLANG_ENABLE_OBJC_ARC = YES;
				CLANG_ENABLE_OBJC_WEAK = YES;
				CLANG_WARN_BLOCK_CAPTURE_AUTORELEASING = YES;
				CLANG_WARN_BOOL_CONVERSION = YES;
				CLANG_WARN_COMMA = YES;
				CLANG_WARN_CONSTANT_CONVERSION = YES;
				CLANG_WARN_DEPRECATED_OBJC_IMPLEMENTATIONS = YES;
				CLANG_WARN_DIRECT_OBJC_ISA_USAGE = YES_ERROR;
				CLANG_WARN_DOCUMENTATION_COMMENTS = YES;
				CLANG_WARN_EMPTY_BODY = YES;
				CLANG_WARN_ENUM_CONVERSION = YES;
				CLANG_WARN_INFINITE_RECURSION = YES;
				CLANG_WARN_INT_CONVERSION = YES;
				CLANG_WARN_NON_LITERAL_NULL_CONVERSION = YES;
				CLANG_WARN_OBJC_IMPLICIT_RETAIN_SELF = YES;
				CLANG_WARN_OBJC_LITERAL_CONVERSION = YES;
				CLANG_WARN_OBJC_ROOT_CLASS = YES_ERROR;
				CLANG_WARN_QUOTED_INCLUDE_IN_FRAMEWORK_HEADER = YES;
				CLANG_WARN_RANGE_LOOP_ANALYSIS = YES;
				CLANG_WARN_STRICT_PROTOTYPES = YES;
				CLANG_WARN_SUSPICIOUS_MOVE = YES;
				CLANG_WARN_UNGUARDED_AVAILABILITY = YES_AGGRESSIVE;
				CLANG_WARN_UNREACHABLE_CODE = YES;
				CLANG_WARN__DUPLICATE_METHOD_MATCH = YES;
				COPY_PHASE_STRIP = NO;
				DEBUG_INFORMATION_FORMAT = "dwarf-with-dsym";
				ENABLE_NS_ASSERTIONS = NO;
				ENABLE_STRICT_OBJC_MSGSEND = YES;
				GCC_C_LANGUAGE_STANDARD = gnu11;
				GCC_NO_COMMON_BLOCKS = YES;
				GCC_WARN_64_TO_32_BIT_CONVERSION = YES;
				GCC_WARN_ABOUT_RETURN_TYPE = YES_ERROR;
				GCC_WARN_UNDECLARED_SELECTOR = YES;
				GCC_WARN_UNINITIALIZED_AUTOS = YES_AGGRESSIVE;
				GCC_WARN_UNUSED_FUNCTION = YES;
				GCC_WARN_UNUSED_VARIABLE = YES;
				IPHONEOS_DEPLOYMENT_TARGET = 15.5;
				MTL_ENABLE_DEBUG_INFO = NO;
				MTL_FAST_MATH = YES;
				SDKROOT = iphoneos;
				SWIFT_COMPILATION_MODE = wholemodule;
				SWIFT_OPTIMIZATION_LEVEL = "-O";
				VALIDATE_PRODUCT = YES;
			};
			name = Release;
		};
		84C3F56228C2114900DAA064 /* Debug */ = {
			isa = XCBuildConfiguration;
			baseConfigurationReference = 5417E649071D92C550C885BE /* Pods-DZSnapKitOne.debug.xcconfig */;
			buildSettings = {
				ASSETCATALOG_COMPILER_APPICON_NAME = AppIcon;
				ASSETCATALOG_COMPILER_GLOBAL_ACCENT_COLOR_NAME = AccentColor;
				CODE_SIGN_STYLE = Automatic;
				CURRENT_PROJECT_VERSION = 1;
				DEVELOPMENT_TEAM = G69GZ7CRDS;
				GENERATE_INFOPLIST_FILE = YES;
				INFOPLIST_FILE = DZSnapKitOne/Info.plist;
				INFOPLIST_KEY_UIApplicationSupportsIndirectInputEvents = YES;
				INFOPLIST_KEY_UILaunchStoryboardName = LaunchScreen;
				INFOPLIST_KEY_UIMainStoryboardFile = Main;
				INFOPLIST_KEY_UISupportedInterfaceOrientations_iPad = "UIInterfaceOrientationPortrait UIInterfaceOrientationPortraitUpsideDown UIInterfaceOrientationLandscapeLeft UIInterfaceOrientationLandscapeRight";
				INFOPLIST_KEY_UISupportedInterfaceOrientations_iPhone = "UIInterfaceOrientationPortrait UIInterfaceOrientationLandscapeLeft UIInterfaceOrientationLandscapeRight";
				LD_RUNPATH_SEARCH_PATHS = (
					"$(inherited)",
					"@executable_path/Frameworks",
				);
				MARKETING_VERSION = 1.0;
				PRODUCT_BUNDLE_IDENTIFIER = com.ArtsiomRasolka.DZSnapKitOne;
				PRODUCT_NAME = "$(TARGET_NAME)";
				SWIFT_EMIT_LOC_STRINGS = YES;
				SWIFT_VERSION = 5.0;
				TARGETED_DEVICE_FAMILY = "1,2";
			};
			name = Debug;
		};
		84C3F56328C2114900DAA064 /* Release */ = {
			isa = XCBuildConfiguration;
			baseConfigurationReference = 3C7255A29C3AC1C24D2BF7EF /* Pods-DZSnapKitOne.release.xcconfig */;
			buildSettings = {
				ASSETCATALOG_COMPILER_APPICON_NAME = AppIcon;
				ASSETCATALOG_COMPILER_GLOBAL_ACCENT_COLOR_NAME = AccentColor;
				CODE_SIGN_STYLE = Automatic;
				CURRENT_PROJECT_VERSION = 1;
				DEVELOPMENT_TEAM = G69GZ7CRDS;
				GENERATE_INFOPLIST_FILE = YES;
				INFOPLIST_FILE = DZSnapKitOne/Info.plist;
				INFOPLIST_KEY_UIApplicationSupportsIndirectInputEvents = YES;
				INFOPLIST_KEY_UILaunchStoryboardName = LaunchScreen;
				INFOPLIST_KEY_UIMainStoryboardFile = Main;
				INFOPLIST_KEY_UISupportedInterfaceOrientations_iPad = "UIInterfaceOrientationPortrait UIInterfaceOrientationPortraitUpsideDown UIInterfaceOrientationLandscapeLeft UIInterfaceOrientationLandscapeRight";
				INFOPLIST_KEY_UISupportedInterfaceOrientations_iPhone = "UIInterfaceOrientationPortrait UIInterfaceOrientationLandscapeLeft UIInterfaceOrientationLandscapeRight";
				LD_RUNPATH_SEARCH_PATHS = (
					"$(inherited)",
					"@executable_path/Frameworks",
				);
				MARKETING_VERSION = 1.0;
				PRODUCT_BUNDLE_IDENTIFIER = com.ArtsiomRasolka.DZSnapKitOne;
				PRODUCT_NAME = "$(TARGET_NAME)";
				SWIFT_EMIT_LOC_STRINGS = YES;
				SWIFT_VERSION = 5.0;
				TARGETED_DEVICE_FAMILY = "1,2";
			};
			name = Release;
		};
/* End XCBuildConfiguration section */

/* Begin XCConfigurationList section */
		84C3F54828C2114200DAA064 /* Build configuration list for PBXProject "DZSnapKitOne" */ = {
			isa = XCConfigurationList;
			buildConfigurations = (
				84C3F55F28C2114900DAA064 /* Debug */,
				84C3F56028C2114900DAA064 /* Release */,
			);
			defaultConfigurationIsVisible = 0;
			defaultConfigurationName = Release;
		};
		84C3F56128C2114900DAA064 /* Build configuration list for PBXNativeTarget "DZSnapKitOne" */ = {
			isa = XCConfigurationList;
			buildConfigurations = (
				84C3F56228C2114900DAA064 /* Debug */,
				84C3F56328C2114900DAA064 /* Release */,
			);
			defaultConfigurationIsVisible = 0;
			defaultConfigurationName = Release;
		};
/* End XCConfigurationList section */
	};
	rootObject = 84C3F54528C2114200DAA064 /* Project object */;
}
